
Microsoft Visual Studio Solution File, Format Version 12.00
# Visual Studio Version 16
VisualStudioVersion = 16.0.32002.261
MinimumVisualStudioVersion = 10.0.40219.1
Project("{FAE04EC0-301F-11D3-BF4B-00C04F79EFBC}") = "Login", "Login\Login.csproj", "{3CBC4598-5A7B-4F9D-872F-C1E8A7E2F1BA}"
EndProject
Global
	GlobalSection(SolutionConfigurationPlatforms) = preSolution
		Debug|Any CPU = Debug|Any CPU
		Release|Any CPU = Release|Any CPU
	EndGlobalSection
	GlobalSection(ProjectConfigurationPlatforms) = postSolution
		{3CBC4598-5A7B-4F9D-872F-C1E8A7E2F1BA}.Debug|Any CPU.ActiveCfg = Debug|Any CPU
		{3CBC4598-5A7B-4F9D-872F-C1E8A7E2F1BA}.Debug|Any CPU.Build.0 = Debug|Any CPU
		{3CBC4598-5A7B-4F9D-872F-C1E8A7E2F1BA}.Release|Any CPU.ActiveCfg = Release|Any CPU
		{3CBC4598-5A7B-4F9D-872F-C1E8A7E2F1BA}.Release|Any CPU.Build.0 = Release|Any CPU
	EndGlobalSection
	GlobalSection(SolutionProperties) = preSolution
		HideSolutionNode = FALSE
	EndGlobalSection
	GlobalSection(ExtensibilityGlobals) = postSolution
		SolutionGuid = {472AB8C3-6B27-4900-BFA5-7ADCBC9F1A08}
	EndGlobalSection
EndGlobal
